
Microsoft Visual Studio Solution File, Format Version 12.00
# Visual Studio Version 16
VisualStudioVersion = 16.0.31702.278
MinimumVisualStudioVersion = 10.0.40219.1
Project("{9A19103F-16F7-4668-BE54-9A1E7A4F7556}") = "CicekSepetiTech.API", "CicekSepetiTech.API\CicekSepetiTech.API.csproj", "{15DBF033-B87C-40EF-B239-B7FC5D53EE90}"
EndProject
Project("{9A19103F-16F7-4668-BE54-9A1E7A4F7556}") = "CicekSepetiTech.Core", "CicekSepetiTech.Core\CicekSepetiTech.Core.csproj", "{76E9B04E-1DF8-4901-BA53-0BF85F9B5B77}"
EndProject
Project("{9A19103F-16F7-4668-BE54-9A1E7A4F7556}") = "CicekSepetiTech.Data", "CicekSepetiTech.Data\CicekSepetiTech.Data.csproj", "{92003EE7-254B-4D1A-B244-422BA8EC2794}"
EndProject
Project("{9A19103F-16F7-4668-BE54-9A1E7A4F7556}") = "CicekSepetiTech.Service", "CicekSepetiTech.Service\CicekSepetiTech.Service.csproj", "{D1E9FBED-0F87-405C-B782-3E4FC5A76568}"
EndProject
Project("{FAE04EC0-301F-11D3-BF4B-00C04F79EFBC}") = "CicekSepetiTech.xUnitTest", "CicekSepetiTech.xUnitTest\CicekSepetiTech.xUnitTest.csproj", "{A99F4D2B-2F37-4924-BABA-851170E8A63F}"
EndProject
Global
	GlobalSection(SolutionConfigurationPlatforms) = preSolution
		Debug|Any CPU = Debug|Any CPU
		Release|Any CPU = Release|Any CPU
	EndGlobalSection
	GlobalSection(ProjectConfigurationPlatforms) = postSolution
		{15DBF033-B87C-40EF-B239-B7FC5D53EE90}.Debug|Any CPU.ActiveCfg = Debug|Any CPU
		{15DBF033-B87C-40EF-B239-B7FC5D53EE90}.Debug|Any CPU.Build.0 = Debug|Any CPU
		{15DBF033-B87C-40EF-B239-B7FC5D53EE90}.Release|Any CPU.ActiveCfg = Release|Any CPU
		{15DBF033-B87C-40EF-B239-B7FC5D53EE90}.Release|Any CPU.Build.0 = Release|Any CPU
		{76E9B04E-1DF8-4901-BA53-0BF85F9B5B77}.Debug|Any CPU.ActiveCfg = Debug|Any CPU
		{76E9B04E-1DF8-4901-BA53-0BF85F9B5B77}.Debug|Any CPU.Build.0 = Debug|Any CPU
		{76E9B04E-1DF8-4901-BA53-0BF85F9B5B77}.Release|Any CPU.ActiveCfg = Release|Any CPU
		{76E9B04E-1DF8-4901-BA53-0BF85F9B5B77}.Release|Any CPU.Build.0 = Release|Any CPU
		{92003EE7-254B-4D1A-B244-422BA8EC2794}.Debug|Any CPU.ActiveCfg = Debug|Any CPU
		{92003EE7-254B-4D1A-B244-422BA8EC2794}.Debug|Any CPU.Build.0 = Debug|Any CPU
		{92003EE7-254B-4D1A-B244-422BA8EC2794}.Release|Any CPU.ActiveCfg = Release|Any CPU
		{92003EE7-254B-4D1A-B244-422BA8EC2794}.Release|Any CPU.Build.0 = Release|Any CPU
		{D1E9FBED-0F87-405C-B782-3E4FC5A76568}.Debug|Any CPU.ActiveCfg = Debug|Any CPU
		{D1E9FBED-0F87-405C-B782-3E4FC5A76568}.Debug|Any CPU.Build.0 = Debug|Any CPU
		{D1E9FBED-0F87-405C-B782-3E4FC5A76568}.Release|Any CPU.ActiveCfg = Release|Any CPU
		{D1E9FBED-0F87-405C-B782-3E4FC5A76568}.Release|Any CPU.Build.0 = Release|Any CPU
		{A99F4D2B-2F37-4924-BABA-851170E8A63F}.Debug|Any CPU.ActiveCfg = Debug|Any CPU
		{A99F4D2B-2F37-4924-BABA-851170E8A63F}.Debug|Any CPU.Build.0 = Debug|Any CPU
		{A99F4D2B-2F37-4924-BABA-851170E8A63F}.Release|Any CPU.ActiveCfg = Release|Any CPU
		{A99F4D2B-2F37-4924-BABA-851170E8A63F}.Release|Any CPU.Build.0 = Release|Any CPU
	EndGlobalSection
	GlobalSection(SolutionProperties) = preSolution
		HideSolutionNode = FALSE
	EndGlobalSection
	GlobalSection(ExtensibilityGlobals) = postSolution
		SolutionGuid = {B9644455-1D04-4103-948D-44C81DAB96FF}
	EndGlobalSection
EndGlobal
